// !$*UTF8*$!
{
	archiveVersion = 1;
	classes = {
	};
	objectVersion = 56;
	objects = {

/* Begin PBXBuildFile section */
		A1000001BBBBBBBB00000001 /* PrompterApp.swift in Sources */ = {isa = PBXBuildFile; fileRef = A2000001BBBBBBBB00000001 /* PrompterApp.swift */; };
		A1000001BBBBBBBB00000002 /* AppDelegate.swift in Sources */ = {isa = PBXBuildFile; fileRef = A2000001BBBBBBBB00000002 /* AppDelegate.swift */; };
		A1000001BBBBBBBB00000003 /* AppState.swift in Sources */ = {isa = PBXBuildFile; fileRef = A2000001BBBBBBBB00000003 /* AppState.swift */; };
		A1000001BBBBBBBB00000004 /* MenuBarController.swift in Sources */ = {isa = PBXBuildFile; fileRef = A2000001BBBBBBBB00000004 /* MenuBarController.swift */; };
		A1000001BBBBBBBB00000005 /* LayoutType.swift in Sources */ = {isa = PBXBuildFile; fileRef = A2000001BBBBBBBB00000005 /* LayoutType.swift */; };
		A1000001BBBBBBBB00000006 /* AssetRef.swift in Sources */ = {isa = PBXBuildFile; fileRef = A2000001BBBBBBBB00000006 /* AssetRef.swift */; };
		A1000001BBBBBBBB00000007 /* Card.swift in Sources */ = {isa = PBXBuildFile; fileRef = A2000001BBBBBBBB00000007 /* Card.swift */; };
		A1000001BBBBBBBB00000008 /* Deck.swift in Sources */ = {isa = PBXBuildFile; fileRef = A2000001BBBBBBBB00000008 /* Deck.swift */; };
		A1000001BBBBBBBB00000009 /* Settings.swift in Sources */ = {isa = PBXBuildFile; fileRef = A2000001BBBBBBBB00000009 /* Settings.swift */; };
		A1000001BBBBBBBB00000010 /* HotkeyManager.swift in Sources */ = {isa = PBXBuildFile; fileRef = A2000001BBBBBBBB00000010 /* HotkeyManager.swift */; };
		A1000001BBBBBBBB00000011 /* OverlayWindow.swift in Sources */ = {isa = PBXBuildFile; fileRef = A2000001BBBBBBBB00000011 /* OverlayWindow.swift */; };
		A1000001BBBBBBBB00000012 /* OverlayWindowController.swift in Sources */ = {isa = PBXBuildFile; fileRef = A2000001BBBBBBBB00000012 /* OverlayWindowController.swift */; };
		A1000001BBBBBBBB00000013 /* Theme.swift in Sources */ = {isa = PBXBuildFile; fileRef = A2000001BBBBBBBB00000013 /* Theme.swift */; };
		A1000001BBBBBBBB00000020 /* Assets.xcassets in Resources */ = {isa = PBXBuildFile; fileRef = A2000001BBBBBBBB00000020 /* Assets.xcassets */; };
		A1000001BBBBBBBB00000100 /* ImageDropZone.swift in Sources */ = {isa = PBXBuildFile; fileRef = A2000001BBBBBBBB00000100 /* ImageDropZone.swift */; };
		A1000001BBBBBBBB00000101 /* FrostedPanelView.swift in Sources */ = {isa = PBXBuildFile; fileRef = A2000001BBBBBBBB00000101 /* FrostedPanelView.swift */; };
		A1000001BBBBBBBB00000102 /* IconButton.swift in Sources */ = {isa = PBXBuildFile; fileRef = A2000001BBBBBBBB00000102 /* IconButton.swift */; };
		A1000001BBBBBBBB00000103 /* AssetManager.swift in Sources */ = {isa = PBXBuildFile; fileRef = A2000001BBBBBBBB00000103 /* AssetManager.swift */; };
		A1000001BBBBBBBB00000104 /* CardListSidebar.swift in Sources */ = {isa = PBXBuildFile; fileRef = A2000001BBBBBBBB00000104 /* CardListSidebar.swift */; };
		A1000001BBBBBBBB00000105 /* DeckEditorView.swift in Sources */ = {isa = PBXBuildFile; fileRef = A2000001BBBBBBBB00000105 /* DeckEditorView.swift */; };
		A1000001BBBBBBBB00000106 /* TitleBulletsEditorView.swift in Sources */ = {isa = PBXBuildFile; fileRef = A2000001BBBBBBBB00000106 /* TitleBulletsEditorView.swift */; };
		A1000001BBBBBBBB00000107 /* ImageTopNotesEditorView.swift in Sources */ = {isa = PBXBuildFile; fileRef = A2000001BBBBBBBB00000107 /* ImageTopNotesEditorView.swift */; };
		A1000001BBBBBBBB00000108 /* TwoImagesNotesEditorView.swift in Sources */ = {isa = PBXBuildFile; fileRef = A2000001BBBBBBBB00000108 /* TwoImagesNotesEditorView.swift */; };
		A1000001BBBBBBBB00000109 /* Grid2x2CaptionEditorView.swift in Sources */ = {isa = PBXBuildFile; fileRef = A2000001BBBBBBBB00000109 /* Grid2x2CaptionEditorView.swift */; };
		A1000001BBBBBBBB00000110 /* FullBleedBulletsEditorView.swift in Sources */ = {isa = PBXBuildFile; fileRef = A2000001BBBBBBBB00000110 /* FullBleedBulletsEditorView.swift */; };
		A1000001BBBBBBBB00000111 /* TitleBulletsRenderer.swift in Sources */ = {isa = PBXBuildFile; fileRef = A2000001BBBBBBBB00000111 /* TitleBulletsRenderer.swift */; };
		A1000001BBBBBBBB00000112 /* ImageTopNotesRenderer.swift in Sources */ = {isa = PBXBuildFile; fileRef = A2000001BBBBBBBB00000112 /* ImageTopNotesRenderer.swift */; };
		A1000001BBBBBBBB00000113 /* TwoImagesNotesRenderer.swift in Sources */ = {isa = PBXBuildFile; fileRef = A2000001BBBBBBBB00000113 /* TwoImagesNotesRenderer.swift */; };
		A1000001BBBBBBBB00000114 /* Grid2x2CaptionRenderer.swift in Sources */ = {isa = PBXBuildFile; fileRef = A2000001BBBBBBBB00000114 /* Grid2x2CaptionRenderer.swift */; };
		A1000001BBBBBBBB00000115 /* FullBleedBulletsRenderer.swift in Sources */ = {isa = PBXBuildFile; fileRef = A2000001BBBBBBBB00000115 /* FullBleedBulletsRenderer.swift */; };
		A1000001BBBBBBBB00000116 /* OverlayCardRenderer.swift in Sources */ = {isa = PBXBuildFile; fileRef = A2000001BBBBBBBB00000116 /* OverlayCardRenderer.swift */; };
		A1000001BBBBBBBB00000117 /* OverlayFooterView.swift in Sources */ = {isa = PBXBuildFile; fileRef = A2000001BBBBBBBB00000117 /* OverlayFooterView.swift */; };
		A1000001BBBBBBBB00000200 /* Debouncer.swift in Sources */ = {isa = PBXBuildFile; fileRef = A2000001BBBBBBBB00000200 /* Debouncer.swift */; };
		A1000001BBBBBBBB00000201 /* PersistenceService.swift in Sources */ = {isa = PBXBuildFile; fileRef = A2000001BBBBBBBB00000201 /* PersistenceService.swift */; };
		A1000001BBBBBBBB00000202 /* TestCaptureView.swift in Sources */ = {isa = PBXBuildFile; fileRef = A2000001BBBBBBBB00000202 /* TestCaptureView.swift */; };
		A1000001BBBBBBBB00000203 /* TestCaptureWindowController.swift in Sources */ = {isa = PBXBuildFile; fileRef = A2000001BBBBBBBB00000203 /* TestCaptureWindowController.swift */; };
		A1000001BBBBBBBB00000204 /* ThemedPanelWindow.swift in Sources */ = {isa = PBXBuildFile; fileRef = A2000001BBBBBBBB00000204 /* ThemedPanelWindow.swift */; };
		A1000001BBBBBBBB00000205 /* TimeInputPanelView.swift in Sources */ = {isa = PBXBuildFile; fileRef = A2000001BBBBBBBB00000205 /* TimeInputPanelView.swift */; };
		A1000001BBBBBBBB00000206 /* DeckPickerPanelView.swift in Sources */ = {isa = PBXBuildFile; fileRef = A2000001BBBBBBBB00000206 /* DeckPickerPanelView.swift */; };
		A1000001BBBBBBBB00000207 /* UpdateManager.swift in Sources */ = {isa = PBXBuildFile; fileRef = A2000001BBBBBBBB00000207 /* UpdateManager.swift */; };
		C1000001DDDDDDDD00000001 /* Sparkle in Frameworks */ = {isa = PBXBuildFile; productRef = C3000001DDDDDDDD00000001 /* Sparkle */; };
		B1000001CCCCCCCC00000001 /* CardTests.swift in Sources */ = {isa = PBXBuildFile; fileRef = B2000001CCCCCCCC00000001 /* CardTests.swift */; };
		B1000001CCCCCCCC00000002 /* DeckTests.swift in Sources */ = {isa = PBXBuildFile; fileRef = B2000001CCCCCCCC00000002 /* DeckTests.swift */; };
		B1000001CCCCCCCC00000003 /* LayoutTypeTests.swift in Sources */ = {isa = PBXBuildFile; fileRef = B2000001CCCCCCCC00000003 /* LayoutTypeTests.swift */; };
		B1000001CCCCCCCC00000004 /* AssetRefTests.swift in Sources */ = {isa = PBXBuildFile; fileRef = B2000001CCCCCCCC00000004 /* AssetRefTests.swift */; };
		B1000001CCCCCCCC00000005 /* OverlayFrameTests.swift in Sources */ = {isa = PBXBuildFile; fileRef = B2000001CCCCCCCC00000005 /* OverlayFrameTests.swift */; };
		B1000001CCCCCCCC00000006 /* AppStateTests.swift in Sources */ = {isa = PBXBuildFile; fileRef = B2000001CCCCCCCC00000006 /* AppStateTests.swift */; };
		B1000001CCCCCCCC00000007 /* DebouncerTests.swift in Sources */ = {isa = PBXBuildFile; fileRef = B2000001CCCCCCCC00000007 /* DebouncerTests.swift */; };
		B1000001CCCCCCCC00000008 /* PersistenceServiceTests.swift in Sources */ = {isa = PBXBuildFile; fileRef = B2000001CCCCCCCC00000008 /* PersistenceServiceTests.swift */; };
		B1000001CCCCCCCC00000009 /* TimerTests.swift in Sources */ = {isa = PBXBuildFile; fileRef = B2000001CCCCCCCC00000009 /* TimerTests.swift */; };
		B1000001CCCCCCCC0000000A /* MockPersistenceProvider.swift in Sources */ = {isa = PBXBuildFile; fileRef = B2000001CCCCCCCC0000000A /* MockPersistenceProvider.swift */; };
/* End PBXBuildFile section */

/* Begin PBXContainerItemProxy section */
		B4000001CCCCCCCC00000001 /* PBXContainerItemProxy */ = {
			isa = PBXContainerItemProxy;
			containerPortal = A9000001BBBBBBBB00000001 /* Project object */;
			proxyType = 1;
			remoteGlobalIDString = A6000001BBBBBBBB00000001;
			remoteInfo = Prompter;
		};
/* End PBXContainerItemProxy section */

/* Begin PBXFileReference section */
		A2000001BBBBBBBB00000001 /* PrompterApp.swift */ = {isa = PBXFileReference; lastKnownFileType = sourcecode.swift; path = PrompterApp.swift; sourceTree = "<group>"; };
		A2000001BBBBBBBB00000002 /* AppDelegate.swift */ = {isa = PBXFileReference; lastKnownFileType = sourcecode.swift; path = AppDelegate.swift; sourceTree = "<group>"; };
		A2000001BBBBBBBB00000003 /* AppState.swift */ = {isa = PBXFileReference; lastKnownFileType = sourcecode.swift; path = AppState.swift; sourceTree = "<group>"; };
		A2000001BBBBBBBB00000004 /* MenuBarController.swift */ = {isa = PBXFileReference; lastKnownFileType = sourcecode.swift; path = MenuBarController.swift; sourceTree = "<group>"; };
		A2000001BBBBBBBB00000005 /* LayoutType.swift */ = {isa = PBXFileReference; lastKnownFileType = sourcecode.swift; path = LayoutType.swift; sourceTree = "<group>"; };
		A2000001BBBBBBBB00000006 /* AssetRef.swift */ = {isa = PBXFileReference; lastKnownFileType = sourcecode.swift; path = AssetRef.swift; sourceTree = "<group>"; };
		A2000001BBBBBBBB00000007 /* Card.swift */ = {isa = PBXFileReference; lastKnownFileType = sourcecode.swift; path = Card.swift; sourceTree = "<group>"; };
		A2000001BBBBBBBB00000008 /* Deck.swift */ = {isa = PBXFileReference; lastKnownFileType = sourcecode.swift; path = Deck.swift; sourceTree = "<group>"; };
		A2000001BBBBBBBB00000009 /* Settings.swift */ = {isa = PBXFileReference; lastKnownFileType = sourcecode.swift; path = Settings.swift; sourceTree = "<group>"; };
		A2000001BBBBBBBB00000010 /* HotkeyManager.swift */ = {isa = PBXFileReference; lastKnownFileType = sourcecode.swift; path = HotkeyManager.swift; sourceTree = "<group>"; };
		A2000001BBBBBBBB00000011 /* OverlayWindow.swift */ = {isa = PBXFileReference; lastKnownFileType = sourcecode.swift; path = OverlayWindow.swift; sourceTree = "<group>"; };
		A2000001BBBBBBBB00000012 /* OverlayWindowController.swift */ = {isa = PBXFileReference; lastKnownFileType = sourcecode.swift; path = OverlayWindowController.swift; sourceTree = "<group>"; };
		A2000001BBBBBBBB00000013 /* Theme.swift */ = {isa = PBXFileReference; lastKnownFileType = sourcecode.swift; path = Theme.swift; sourceTree = "<group>"; };
		A2000001BBBBBBBB00000020 /* Assets.xcassets */ = {isa = PBXFileReference; lastKnownFileType = folder.assetcatalog; path = Assets.xcassets; sourceTree = "<group>"; };
		A2000001BBBBBBBB00000021 /* Prompter.entitlements */ = {isa = PBXFileReference; lastKnownFileType = text.plist.entitlements; path = Prompter.entitlements; sourceTree = "<group>"; };
		A2000001BBBBBBBB00000022 /* Info.plist */ = {isa = PBXFileReference; lastKnownFileType = text.plist.xml; path = Info.plist; sourceTree = "<group>"; };
		A2000001BBBBBBBB00000100 /* ImageDropZone.swift */ = {isa = PBXFileReference; lastKnownFileType = sourcecode.swift; path = ImageDropZone.swift; sourceTree = "<group>"; };
		A2000001BBBBBBBB00000101 /* FrostedPanelView.swift */ = {isa = PBXFileReference; lastKnownFileType = sourcecode.swift; path = FrostedPanelView.swift; sourceTree = "<group>"; };
		A2000001BBBBBBBB00000102 /* IconButton.swift */ = {isa = PBXFileReference; lastKnownFileType = sourcecode.swift; path = IconButton.swift; sourceTree = "<group>"; };
		A2000001BBBBBBBB00000103 /* AssetManager.swift */ = {isa = PBXFileReference; lastKnownFileType = sourcecode.swift; path = AssetManager.swift; sourceTree = "<group>"; };
		A2000001BBBBBBBB00000104 /* CardListSidebar.swift */ = {isa = PBXFileReference; lastKnownFileType = sourcecode.swift; path = CardListSidebar.swift; sourceTree = "<group>"; };
		A2000001BBBBBBBB00000105 /* DeckEditorView.swift */ = {isa = PBXFileReference; lastKnownFileType = sourcecode.swift; path = DeckEditorView.swift; sourceTree = "<group>"; };
		A2000001BBBBBBBB00000106 /* TitleBulletsEditorView.swift */ = {isa = PBXFileReference; lastKnownFileType = sourcecode.swift; path = TitleBulletsEditorView.swift; sourceTree = "<group>"; };
		A2000001BBBBBBBB00000107 /* ImageTopNotesEditorView.swift */ = {isa = PBXFileReference; lastKnownFileType = sourcecode.swift; path = ImageTopNotesEditorView.swift; sourceTree = "<group>"; };
		A2000001BBBBBBBB00000108 /* TwoImagesNotesEditorView.swift */ = {isa = PBXFileReference; lastKnownFileType = sourcecode.swift; path = TwoImagesNotesEditorView.swift; sourceTree = "<group>"; };
		A2000001BBBBBBBB00000109 /* Grid2x2CaptionEditorView.swift */ = {isa = PBXFileReference; lastKnownFileType = sourcecode.swift; path = Grid2x2CaptionEditorView.swift; sourceTree = "<group>"; };
		A2000001BBBBBBBB00000110 /* FullBleedBulletsEditorView.swift */ = {isa = PBXFileReference; lastKnownFileType = sourcecode.swift; path = FullBleedBulletsEditorView.swift; sourceTree = "<group>"; };
		A2000001BBBBBBBB00000111 /* TitleBulletsRenderer.swift */ = {isa = PBXFileReference; lastKnownFileType = sourcecode.swift; path = TitleBulletsRenderer.swift; sourceTree = "<group>"; };
		A2000001BBBBBBBB00000112 /* ImageTopNotesRenderer.swift */ = {isa = PBXFileReference; lastKnownFileType = sourcecode.swift; path = ImageTopNotesRenderer.swift; sourceTree = "<group>"; };
		A2000001BBBBBBBB00000113 /* TwoImagesNotesRenderer.swift */ = {isa = PBXFileReference; lastKnownFileType = sourcecode.swift; path = TwoImagesNotesRenderer.swift; sourceTree = "<group>"; };
		A2000001BBBBBBBB00000114 /* Grid2x2CaptionRenderer.swift */ = {isa = PBXFileReference; lastKnownFileType = sourcecode.swift; path = Grid2x2CaptionRenderer.swift; sourceTree = "<group>"; };
		A2000001BBBBBBBB00000115 /* FullBleedBulletsRenderer.swift */ = {isa = PBXFileReference; lastKnownFileType = sourcecode.swift; path = FullBleedBulletsRenderer.swift; sourceTree = "<group>"; };
		A2000001BBBBBBBB00000116 /* OverlayCardRenderer.swift */ = {isa = PBXFileReference; lastKnownFileType = sourcecode.swift; path = OverlayCardRenderer.swift; sourceTree = "<group>"; };
		A2000001BBBBBBBB00000117 /* OverlayFooterView.swift */ = {isa = PBXFileReference; lastKnownFileType = sourcecode.swift; path = OverlayFooterView.swift; sourceTree = "<group>"; };
		A2000001BBBBBBBB00000200 /* Debouncer.swift */ = {isa = PBXFileReference; lastKnownFileType = sourcecode.swift; path = Debouncer.swift; sourceTree = "<group>"; };
		A2000001BBBBBBBB00000201 /* PersistenceService.swift */ = {isa = PBXFileReference; lastKnownFileType = sourcecode.swift; path = PersistenceService.swift; sourceTree = "<group>"; };
		A2000001BBBBBBBB00000202 /* TestCaptureView.swift */ = {isa = PBXFileReference; lastKnownFileType = sourcecode.swift; path = TestCaptureView.swift; sourceTree = "<group>"; };
		A2000001BBBBBBBB00000203 /* TestCaptureWindowController.swift */ = {isa = PBXFileReference; lastKnownFileType = sourcecode.swift; path = TestCaptureWindowController.swift; sourceTree = "<group>"; };
		A2000001BBBBBBBB00000204 /* ThemedPanelWindow.swift */ = {isa = PBXFileReference; lastKnownFileType = sourcecode.swift; path = ThemedPanelWindow.swift; sourceTree = "<group>"; };
		A2000001BBBBBBBB00000205 /* TimeInputPanelView.swift */ = {isa = PBXFileReference; lastKnownFileType = sourcecode.swift; path = TimeInputPanelView.swift; sourceTree = "<group>"; };
		A2000001BBBBBBBB00000206 /* DeckPickerPanelView.swift */ = {isa = PBXFileReference; lastKnownFileType = sourcecode.swift; path = DeckPickerPanelView.swift; sourceTree = "<group>"; };
		A2000001BBBBBBBB00000207 /* UpdateManager.swift */ = {isa = PBXFileReference; lastKnownFileType = sourcecode.swift; path = UpdateManager.swift; sourceTree = "<group>"; };
		A3000001BBBBBBBB00000001 /* Prompter.app */ = {isa = PBXFileReference; explicitFileType = wrapper.application; includeInIndex = 0; path = Prompter.app; sourceTree = BUILT_PRODUCTS_DIR; };
		B2000001CCCCCCCC00000001 /* CardTests.swift */ = {isa = PBXFileReference; lastKnownFileType = sourcecode.swift; path = CardTests.swift; sourceTree = "<group>"; };
		B2000001CCCCCCCC00000002 /* DeckTests.swift */ = {isa = PBXFileReference; lastKnownFileType = sourcecode.swift; path = DeckTests.swift; sourceTree = "<group>"; };
		B2000001CCCCCCCC00000003 /* LayoutTypeTests.swift */ = {isa = PBXFileReference; lastKnownFileType = sourcecode.swift; path = LayoutTypeTests.swift; sourceTree = "<group>"; };
		B2000001CCCCCCCC00000004 /* AssetRefTests.swift */ = {isa = PBXFileReference; lastKnownFileType = sourcecode.swift; path = AssetRefTests.swift; sourceTree = "<group>"; };
		B2000001CCCCCCCC00000005 /* OverlayFrameTests.swift */ = {isa = PBXFileReference; lastKnownFileType = sourcecode.swift; path = OverlayFrameTests.swift; sourceTree = "<group>"; };
		B2000001CCCCCCCC00000006 /* AppStateTests.swift */ = {isa = PBXFileReference; lastKnownFileType = sourcecode.swift; path = AppStateTests.swift; sourceTree = "<group>"; };
		B2000001CCCCCCCC00000007 /* DebouncerTests.swift */ = {isa = PBXFileReference; lastKnownFileType = sourcecode.swift; path = DebouncerTests.swift; sourceTree = "<group>"; };
		B2000001CCCCCCCC00000008 /* PersistenceServiceTests.swift */ = {isa = PBXFileReference; lastKnownFileType = sourcecode.swift; path = PersistenceServiceTests.swift; sourceTree = "<group>"; };
		B2000001CCCCCCCC00000009 /* TimerTests.swift */ = {isa = PBXFileReference; lastKnownFileType = sourcecode.swift; path = TimerTests.swift; sourceTree = "<group>"; };
		B2000001CCCCCCCC0000000A /* MockPersistenceProvider.swift */ = {isa = PBXFileReference; lastKnownFileType = sourcecode.swift; path = MockPersistenceProvider.swift; sourceTree = "<group>"; };
		B3000001CCCCCCCC00000001 /* PrompterTests.xctest */ = {isa = PBXFileReference; explicitFileType = wrapper.cfbundle; includeInIndex = 0; path = PrompterTests.xctest; sourceTree = BUILT_PRODUCTS_DIR; };
/* End PBXFileReference section */

/* Begin PBXFrameworksBuildPhase section */
		A4000001BBBBBBBB00000001 /* Frameworks */ = {
			isa = PBXFrameworksBuildPhase;
			buildActionMask = 2147483647;
			files = (
				C1000001DDDDDDDD00000001 /* Sparkle in Frameworks */,
			);
			runOnlyForDeploymentPostprocessing = 0;
		};
		B4000001CCCCCCCC00000002 /* Frameworks */ = {
			isa = PBXFrameworksBuildPhase;
			buildActionMask = 2147483647;
			files = (
			);
			runOnlyForDeploymentPostprocessing = 0;
		};
/* End PBXFrameworksBuildPhase section */

/* Begin PBXGroup section */
		A5000001BBBBBBBB00000001 = {
			isa = PBXGroup;
			children = (
				A5000001BBBBBBBB00000002 /* Prompter */,
				B5000001CCCCCCCC00000001 /* PrompterTests */,
				A5000001BBBBBBBB00000003 /* Products */,
			);
			sourceTree = "<group>";
		};
		A5000001BBBBBBBB00000002 /* Prompter */ = {
			isa = PBXGroup;
			children = (
				A5000001BBBBBBBB00000004 /* App */,
				A5000001BBBBBBBB00000005 /* Windows */,
				A5000001BBBBBBBB00000006 /* Views */,
				A5000001BBBBBBBB00000007 /* Models */,
				A5000001BBBBBBBB00000008 /* Services */,
				A5000001BBBBBBBB00000009 /* Extensions */,
				A5000001BBBBBBBB00000010 /* Constants */,
				A5000001BBBBBBBB00000011 /* Utilities */,
				A5000001BBBBBBBB00000012 /* Resources */,
			);
			path = Prompter;
			sourceTree = "<group>";
		};
		A5000001BBBBBBBB00000003 /* Products */ = {
			isa = PBXGroup;
			children = (
				A3000001BBBBBBBB00000001 /* Prompter.app */,
				B3000001CCCCCCCC00000001 /* PrompterTests.xctest */,
			);
			name = Products;
			sourceTree = "<group>";
		};
		A5000001BBBBBBBB00000004 /* App */ = {
			isa = PBXGroup;
			children = (
				A2000001BBBBBBBB00000001 /* PrompterApp.swift */,
				A2000001BBBBBBBB00000002 /* AppDelegate.swift */,
				A2000001BBBBBBBB00000003 /* AppState.swift */,
				A2000001BBBBBBBB00000004 /* MenuBarController.swift */,
			);
			path = App;
			sourceTree = "<group>";
		};
		A5000001BBBBBBBB00000005 /* Windows */ = {
			isa = PBXGroup;
			children = (
				A2000001BBBBBBBB00000011 /* OverlayWindow.swift */,
				A2000001BBBBBBBB00000012 /* OverlayWindowController.swift */,
				A2000001BBBBBBBB00000203 /* TestCaptureWindowController.swift */,
				A2000001BBBBBBBB00000204 /* ThemedPanelWindow.swift */,
			);
			path = Windows;
			sourceTree = "<group>";
		};
		A5000001BBBBBBBB00000006 /* Views */ = {
			isa = PBXGroup;
			children = (
				A5000001BBBBBBBB00000020 /* Shared */,
				A5000001BBBBBBBB00000021 /* DeckEditor */,
				A5000001BBBBBBBB00000023 /* Overlay */,
				A5000001BBBBBBBB00000025 /* TestCapture */,
			);
			path = Views;
			sourceTree = "<group>";
		};
		A5000001BBBBBBBB00000007 /* Models */ = {
			isa = PBXGroup;
			children = (
				A2000001BBBBBBBB00000005 /* LayoutType.swift */,
				A2000001BBBBBBBB00000006 /* AssetRef.swift */,
				A2000001BBBBBBBB00000007 /* Card.swift */,
				A2000001BBBBBBBB00000008 /* Deck.swift */,
				A2000001BBBBBBBB00000009 /* Settings.swift */,
			);
			path = Models;
			sourceTree = "<group>";
		};
		A5000001BBBBBBBB00000008 /* Services */ = {
			isa = PBXGroup;
			children = (
				A2000001BBBBBBBB00000010 /* HotkeyManager.swift */,
				A2000001BBBBBBBB00000103 /* AssetManager.swift */,
				A2000001BBBBBBBB00000201 /* PersistenceService.swift */,
				A2000001BBBBBBBB00000207 /* UpdateManager.swift */,
			);
			path = Services;
			sourceTree = "<group>";
		};
		A5000001BBBBBBBB00000009 /* Extensions */ = {
			isa = PBXGroup;
			children = (
				A2000001BBBBBBBB00000013 /* Theme.swift */,
			);
			path = Extensions;
			sourceTree = "<group>";
		};
		A5000001BBBBBBBB00000010 /* Constants */ = {
			isa = PBXGroup;
			children = (
			);
			path = Constants;
			sourceTree = "<group>";
		};
		A5000001BBBBBBBB00000011 /* Utilities */ = {
			isa = PBXGroup;
			children = (
				A2000001BBBBBBBB00000200 /* Debouncer.swift */,
			);
			path = Utilities;
			sourceTree = "<group>";
		};
		A5000001BBBBBBBB00000012 /* Resources */ = {
			isa = PBXGroup;
			children = (
				A2000001BBBBBBBB00000020 /* Assets.xcassets */,
				A2000001BBBBBBBB00000021 /* Prompter.entitlements */,
				A2000001BBBBBBBB00000022 /* Info.plist */,
			);
			path = Resources;
			sourceTree = "<group>";
		};
		A5000001BBBBBBBB00000020 /* Shared */ = {
			isa = PBXGroup;
			children = (
				A2000001BBBBBBBB00000100 /* ImageDropZone.swift */,
				A2000001BBBBBBBB00000101 /* FrostedPanelView.swift */,
				A2000001BBBBBBBB00000102 /* IconButton.swift */,
				A2000001BBBBBBBB00000205 /* TimeInputPanelView.swift */,
				A2000001BBBBBBBB00000206 /* DeckPickerPanelView.swift */,
			);
			path = Shared;
			sourceTree = "<group>";
		};
		A5000001BBBBBBBB00000021 /* DeckEditor */ = {
			isa = PBXGroup;
			children = (
				A2000001BBBBBBBB00000104 /* CardListSidebar.swift */,
				A2000001BBBBBBBB00000105 /* DeckEditorView.swift */,
				A5000001BBBBBBBB00000022 /* LayoutEditors */,
			);
			path = DeckEditor;
			sourceTree = "<group>";
		};
		A5000001BBBBBBBB00000022 /* LayoutEditors */ = {
			isa = PBXGroup;
			children = (
				A2000001BBBBBBBB00000106 /* TitleBulletsEditorView.swift */,
				A2000001BBBBBBBB00000107 /* ImageTopNotesEditorView.swift */,
				A2000001BBBBBBBB00000108 /* TwoImagesNotesEditorView.swift */,
				A2000001BBBBBBBB00000109 /* Grid2x2CaptionEditorView.swift */,
				A2000001BBBBBBBB00000110 /* FullBleedBulletsEditorView.swift */,
			);
			path = LayoutEditors;
			sourceTree = "<group>";
		};
		A5000001BBBBBBBB00000023 /* Overlay */ = {
			isa = PBXGroup;
			children = (
				A2000001BBBBBBBB00000116 /* OverlayCardRenderer.swift */,
				A2000001BBBBBBBB00000117 /* OverlayFooterView.swift */,
				A5000001BBBBBBBB00000024 /* LayoutRenderers */,
			);
			path = Overlay;
			sourceTree = "<group>";
		};
		A5000001BBBBBBBB00000024 /* LayoutRenderers */ = {
			isa = PBXGroup;
			children = (
				A2000001BBBBBBBB00000111 /* TitleBulletsRenderer.swift */,
				A2000001BBBBBBBB00000112 /* ImageTopNotesRenderer.swift */,
				A2000001BBBBBBBB00000113 /* TwoImagesNotesRenderer.swift */,
				A2000001BBBBBBBB00000114 /* Grid2x2CaptionRenderer.swift */,
				A2000001BBBBBBBB00000115 /* FullBleedBulletsRenderer.swift */,
			);
			path = LayoutRenderers;
			sourceTree = "<group>";
		};
		A5000001BBBBBBBB00000025 /* TestCapture */ = {
			isa = PBXGroup;
			children = (
				A2000001BBBBBBBB00000202 /* TestCaptureView.swift */,
			);
			path = TestCapture;
			sourceTree = "<group>";
		};
		B5000001CCCCCCCC00000001 /* PrompterTests */ = {
			isa = PBXGroup;
			children = (
				B2000001CCCCCCCC00000001 /* CardTests.swift */,
				B2000001CCCCCCCC00000002 /* DeckTests.swift */,
				B2000001CCCCCCCC00000003 /* LayoutTypeTests.swift */,
				B2000001CCCCCCCC00000004 /* AssetRefTests.swift */,
				B2000001CCCCCCCC00000005 /* OverlayFrameTests.swift */,
				B2000001CCCCCCCC00000006 /* AppStateTests.swift */,
				B2000001CCCCCCCC00000007 /* DebouncerTests.swift */,
				B2000001CCCCCCCC00000008 /* PersistenceServiceTests.swift */,
				B2000001CCCCCCCC00000009 /* TimerTests.swift */,
				B2000001CCCCCCCC0000000A /* MockPersistenceProvider.swift */,
			);
			path = PrompterTests;
			sourceTree = "<group>";
		};
/* End PBXGroup section */

/* Begin PBXNativeTarget section */
		A6000001BBBBBBBB00000001 /* Prompter */ = {
			isa = PBXNativeTarget;
			buildConfigurationList = A8000001BBBBBBBB00000001 /* Build configuration list for PBXNativeTarget "Prompter" */;
			buildPhases = (
				A7000001BBBBBBBB00000001 /* Sources */,
				A4000001BBBBBBBB00000001 /* Frameworks */,
				A7000001BBBBBBBB00000002 /* Resources */,
			);
			buildRules = (
			);
			dependencies = (
			);
			name = Prompter;
			packageProductDependencies = (
				C3000001DDDDDDDD00000001 /* Sparkle */,
			);
			productName = Prompter;
			productReference = A3000001BBBBBBBB00000001 /* Prompter.app */;
			productType = "com.apple.product-type.application";
		};
		B6000001CCCCCCCC00000001 /* PrompterTests */ = {
			isa = PBXNativeTarget;
			buildConfigurationList = B8000001CCCCCCCC00000001 /* Build configuration list for PBXNativeTarget "PrompterTests" */;
			buildPhases = (
				B7000001CCCCCCCC00000001 /* Sources */,
				B4000001CCCCCCCC00000002 /* Frameworks */,
				B7000001CCCCCCCC00000002 /* Resources */,
			);
			buildRules = (
			);
			dependencies = (
				B4000001CCCCCCCC00000003 /* PBXTargetDependency */,
			);
			name = PrompterTests;
			productName = PrompterTests;
			productReference = B3000001CCCCCCCC00000001 /* PrompterTests.xctest */;
			productType = "com.apple.product-type.bundle.unit-test";
		};
/* End PBXNativeTarget section */

/* Begin PBXProject section */
		A9000001BBBBBBBB00000001 /* Project object */ = {
			isa = PBXProject;
			attributes = {
				BuildIndependentTargetsInParallel = 1;
				LastSwiftUpdateCheck = 1500;
				LastUpgradeCheck = 1500;
				TargetAttributes = {
					A6000001BBBBBBBB00000001 = {
						CreatedOnToolsVersion = 15.0;
					};
					B6000001CCCCCCCC00000001 = {
						CreatedOnToolsVersion = 15.0;
						TestTargetID = A6000001BBBBBBBB00000001;
					};
				};
			};
			buildConfigurationList = A8000001BBBBBBBB00000002 /* Build configuration list for PBXProject "Prompter" */;
			compatibilityVersion = "Xcode 14.0";
			developmentRegion = en;
			hasScannedForEncodings = 0;
			knownRegions = (
				en,
				Base,
			);
			mainGroup = A5000001BBBBBBBB00000001;
			productRefGroup = A5000001BBBBBBBB00000003 /* Products */;
			projectDirPath = "";
			projectRoot = "";
			packageReferences = (
				C2000001DDDDDDDD00000001 /* XCRemoteSwiftPackageReference "Sparkle" */,
			);
			targets = (
				A6000001BBBBBBBB00000001 /* Prompter */,
				B6000001CCCCCCCC00000001 /* PrompterTests */,
			);
		};
/* End PBXProject section */

/* Begin PBXResourcesBuildPhase section */
		A7000001BBBBBBBB00000002 /* Resources */ = {
			isa = PBXResourcesBuildPhase;
			buildActionMask = 2147483647;
			files = (
				A1000001BBBBBBBB00000020 /* Assets.xcassets in Resources */,
			);
			runOnlyForDeploymentPostprocessing = 0;
		};
		B7000001CCCCCCCC00000002 /* Resources */ = {
			isa = PBXResourcesBuildPhase;
			buildActionMask = 2147483647;
			files = (
			);
			runOnlyForDeploymentPostprocessing = 0;
		};
/* End PBXResourcesBuildPhase section */

/* Begin PBXSourcesBuildPhase section */
		A7000001BBBBBBBB00000001 /* Sources */ = {
			isa = PBXSourcesBuildPhase;
			buildActionMask = 2147483647;
			files = (
				A1000001BBBBBBBB00000001 /* PrompterApp.swift in Sources */,
				A1000001BBBBBBBB00000002 /* AppDelegate.swift in Sources */,
				A1000001BBBBBBBB00000003 /* AppState.swift in Sources */,
				A1000001BBBBBBBB00000004 /* MenuBarController.swift in Sources */,
				A1000001BBBBBBBB00000005 /* LayoutType.swift in Sources */,
				A1000001BBBBBBBB00000006 /* AssetRef.swift in Sources */,
				A1000001BBBBBBBB00000007 /* Card.swift in Sources */,
				A1000001BBBBBBBB00000008 /* Deck.swift in Sources */,
				A1000001BBBBBBBB00000009 /* Settings.swift in Sources */,
				A1000001BBBBBBBB00000010 /* HotkeyManager.swift in Sources */,
				A1000001BBBBBBBB00000011 /* OverlayWindow.swift in Sources */,
				A1000001BBBBBBBB00000012 /* OverlayWindowController.swift in Sources */,
				A1000001BBBBBBBB00000013 /* Theme.swift in Sources */,
				A1000001BBBBBBBB00000100 /* ImageDropZone.swift in Sources */,
				A1000001BBBBBBBB00000101 /* FrostedPanelView.swift in Sources */,
				A1000001BBBBBBBB00000102 /* IconButton.swift in Sources */,
				A1000001BBBBBBBB00000103 /* AssetManager.swift in Sources */,
				A1000001BBBBBBBB00000104 /* CardListSidebar.swift in Sources */,
				A1000001BBBBBBBB00000105 /* DeckEditorView.swift in Sources */,
				A1000001BBBBBBBB00000106 /* TitleBulletsEditorView.swift in Sources */,
				A1000001BBBBBBBB00000107 /* ImageTopNotesEditorView.swift in Sources */,
				A1000001BBBBBBBB00000108 /* TwoImagesNotesEditorView.swift in Sources */,
				A1000001BBBBBBBB00000109 /* Grid2x2CaptionEditorView.swift in Sources */,
				A1000001BBBBBBBB00000110 /* FullBleedBulletsEditorView.swift in Sources */,
				A1000001BBBBBBBB00000111 /* TitleBulletsRenderer.swift in Sources */,
				A1000001BBBBBBBB00000112 /* ImageTopNotesRenderer.swift in Sources */,
				A1000001BBBBBBBB00000113 /* TwoImagesNotesRenderer.swift in Sources */,
				A1000001BBBBBBBB00000114 /* Grid2x2CaptionRenderer.swift in Sources */,
				A1000001BBBBBBBB00000115 /* FullBleedBulletsRenderer.swift in Sources */,
				A1000001BBBBBBBB00000116 /* OverlayCardRenderer.swift in Sources */,
				A1000001BBBBBBBB00000117 /* OverlayFooterView.swift in Sources */,
				A1000001BBBBBBBB00000200 /* Debouncer.swift in Sources */,
				A1000001BBBBBBBB00000201 /* PersistenceService.swift in Sources */,
				A1000001BBBBBBBB00000202 /* TestCaptureView.swift in Sources */,
				A1000001BBBBBBBB00000203 /* TestCaptureWindowController.swift in Sources */,
				A1000001BBBBBBBB00000204 /* ThemedPanelWindow.swift in Sources */,
				A1000001BBBBBBBB00000205 /* TimeInputPanelView.swift in Sources */,
				A1000001BBBBBBBB00000206 /* DeckPickerPanelView.swift in Sources */,
				A1000001BBBBBBBB00000207 /* UpdateManager.swift in Sources */,
			);
			runOnlyForDeploymentPostprocessing = 0;
		};
		B7000001CCCCCCCC00000001 /* Sources */ = {
			isa = PBXSourcesBuildPhase;
			buildActionMask = 2147483647;
			files = (
				B1000001CCCCCCCC00000001 /* CardTests.swift in Sources */,
				B1000001CCCCCCCC00000002 /* DeckTests.swift in Sources */,
				B1000001CCCCCCCC00000003 /* LayoutTypeTests.swift in Sources */,
				B1000001CCCCCCCC00000004 /* AssetRefTests.swift in Sources */,
				B1000001CCCCCCCC00000005 /* OverlayFrameTests.swift in Sources */,
				B1000001CCCCCCCC00000006 /* AppStateTests.swift in Sources */,
				B1000001CCCCCCCC00000007 /* DebouncerTests.swift in Sources */,
				B1000001CCCCCCCC00000008 /* PersistenceServiceTests.swift in Sources */,
				B1000001CCCCCCCC00000009 /* TimerTests.swift in Sources */,
				B1000001CCCCCCCC0000000A /* MockPersistenceProvider.swift in Sources */,
			);
			runOnlyForDeploymentPostprocessing = 0;
		};
/* End PBXSourcesBuildPhase section */

/* Begin PBXTargetDependency section */
		B4000001CCCCCCCC00000003 /* PBXTargetDependency */ = {
			isa = PBXTargetDependency;
			target = A6000001BBBBBBBB00000001 /* Prompter */;
			targetProxy = B4000001CCCCCCCC00000001 /* PBXContainerItemProxy */;
		};
/* End PBXTargetDependency section */

/* Begin XCBuildConfiguration section */
		AA000001BBBBBBBB00000001 /* Debug */ = {
			isa = XCBuildConfiguration;
			buildSettings = {
				ALWAYS_SEARCH_USER_PATHS = NO;
				ASSETCATALOG_COMPILER_GENERATE_SWIFT_ASSET_SYMBOL_EXTENSIONS = YES;
				CLANG_ANALYZER_NONNULL = YES;
				CLANG_ANALYZER_NUMBER_OBJECT_CONVERSION = YES_AGGRESSIVE;
				CLANG_CXX_LANGUAGE_STANDARD = "gnu++20";
				CLANG_ENABLE_MODULES = YES;
				CLANG_ENABLE_OBJC_ARC = YES;
				CLANG_ENABLE_OBJC_WEAK = YES;
				CLANG_WARN_BLOCK_CAPTURE_AUTORELEASING = YES;
				CLANG_WARN_BOOL_CONVERSION = YES;
				CLANG_WARN_COMMA = YES;
				CLANG_WARN_CONSTANT_CONVERSION = YES;
				CLANG_WARN_DEPRECATED_OBJC_IMPLEMENTATIONS = YES;
				CLANG_WARN_DIRECT_OBJC_ISA_USAGE = YES_ERROR;
				CLANG_WARN_DOCUMENTATION_COMMENTS = YES;
				CLANG_WARN_EMPTY_BODY = YES;
				CLANG_WARN_ENUM_CONVERSION = YES;
				CLANG_WARN_INFINITE_RECURSION = YES;
				CLANG_WARN_INT_CONVERSION = YES;
				CLANG_WARN_NON_LITERAL_NULL_CONVERSION = YES;
				CLANG_WARN_OBJC_IMPLICIT_RETAIN_SELF = YES;
				CLANG_WARN_OBJC_LITERAL_CONVERSION = YES;
				CLANG_WARN_OBJC_ROOT_CLASS = YES_ERROR;
				CLANG_WARN_QUOTED_INCLUDE_IN_FRAMEWORK_HEADER = YES;
				CLANG_WARN_RANGE_LOOP_ANALYSIS = YES;
				CLANG_WARN_STRICT_PROTOTYPES = YES;
				CLANG_WARN_SUSPICIOUS_MOVE = YES;
				CLANG_WARN_UNGUARDED_AVAILABILITY = YES_AGGRESSIVE;
				CLANG_WARN_UNREACHABLE_CODE = YES;
				CLANG_WARN__DUPLICATE_METHOD_MATCH = YES;
				COPY_PHASE_STRIP = NO;
				DEBUG_INFORMATION_FORMAT = dwarf;
				ENABLE_STRICT_OBJC_MSGSEND = YES;
				ENABLE_TESTABILITY = YES;
				ENABLE_USER_SCRIPT_SANDBOXING = YES;
				GCC_C_LANGUAGE_STANDARD = gnu17;
				GCC_DYNAMIC_NO_PIC = NO;
				GCC_NO_COMMON_BLOCKS = YES;
				GCC_OPTIMIZATION_LEVEL = 0;
				GCC_PREPROCESSOR_DEFINITIONS = (
					"DEBUG=1",
					"$(inherited)",
				);
				GCC_WARN_64_TO_32_BIT_CONVERSION = YES;
				GCC_WARN_ABOUT_RETURN_TYPE = YES_ERROR;
				GCC_WARN_UNDECLARED_SELECTOR = YES;
				GCC_WARN_UNINITIALIZED_AUTOS = YES_AGGRESSIVE;
				GCC_WARN_UNUSED_FUNCTION = YES;
				GCC_WARN_UNUSED_VARIABLE = YES;
				LOCALIZATION_PREFERS_STRING_CATALOGS = YES;
				MACOSX_DEPLOYMENT_TARGET = 14.0;
				MTL_ENABLE_DEBUG_INFO = INCLUDE_SOURCE;
				MTL_FAST_MATH = YES;
				ONLY_ACTIVE_ARCH = YES;
				SDKROOT = macosx;
				SWIFT_ACTIVE_COMPILATION_CONDITIONS = "DEBUG $(inherited)";
				SWIFT_OPTIMIZATION_LEVEL = "-Onone";
			};
			name = Debug;
		};
		AA000001BBBBBBBB00000002 /* Release */ = {
			isa = XCBuildConfiguration;
			buildSettings = {
				ALWAYS_SEARCH_USER_PATHS = NO;
				ASSETCATALOG_COMPILER_GENERATE_SWIFT_ASSET_SYMBOL_EXTENSIONS = YES;
				CLANG_ANALYZER_NONNULL = YES;
				CLANG_ANALYZER_NUMBER_OBJECT_CONVERSION = YES_AGGRESSIVE;
				CLANG_CXX_LANGUAGE_STANDARD = "gnu++20";
				CLANG_ENABLE_MODULES = YES;
				CLANG_ENABLE_OBJC_ARC = YES;
				CLANG_ENABLE_OBJC_WEAK = YES;
				CLANG_WARN_BLOCK_CAPTURE_AUTORELEASING = YES;
				CLANG_WARN_BOOL_CONVERSION = YES;
				CLANG_WARN_COMMA = YES;
				CLANG_WARN_CONSTANT_CONVERSION = YES;
				CLANG_WARN_DEPRECATED_OBJC_IMPLEMENTATIONS = YES;
				CLANG_WARN_DIRECT_OBJC_ISA_USAGE = YES_ERROR;
				CLANG_WARN_DOCUMENTATION_COMMENTS = YES;
				CLANG_WARN_EMPTY_BODY = YES;
				CLANG_WARN_ENUM_CONVERSION = YES;
				CLANG_WARN_INFINITE_RECURSION = YES;
				CLANG_WARN_INT_CONVERSION = YES;
				CLANG_WARN_NON_LITERAL_NULL_CONVERSION = YES;
				CLANG_WARN_OBJC_IMPLICIT_RETAIN_SELF = YES;
				CLANG_WARN_OBJC_LITERAL_CONVERSION = YES;
				CLANG_WARN_OBJC_ROOT_CLASS = YES_ERROR;
				CLANG_WARN_QUOTED_INCLUDE_IN_FRAMEWORK_HEADER = YES;
				CLANG_WARN_RANGE_LOOP_ANALYSIS = YES;
				CLANG_WARN_STRICT_PROTOTYPES = YES;
				CLANG_WARN_SUSPICIOUS_MOVE = YES;
				CLANG_WARN_UNGUARDED_AVAILABILITY = YES_AGGRESSIVE;
				CLANG_WARN_UNREACHABLE_CODE = YES;
				CLANG_WARN__DUPLICATE_METHOD_MATCH = YES;
				COPY_PHASE_STRIP = NO;
				DEBUG_INFORMATION_FORMAT = "dwarf-with-dsym";
				ENABLE_NS_ASSERTIONS = NO;
				ENABLE_STRICT_OBJC_MSGSEND = YES;
				ENABLE_USER_SCRIPT_SANDBOXING = YES;
				GCC_C_LANGUAGE_STANDARD = gnu17;
				GCC_NO_COMMON_BLOCKS = YES;
				GCC_WARN_64_TO_32_BIT_CONVERSION = YES;
				GCC_WARN_ABOUT_RETURN_TYPE = YES_ERROR;
				GCC_WARN_UNDECLARED_SELECTOR = YES;
				GCC_WARN_UNINITIALIZED_AUTOS = YES_AGGRESSIVE;
				GCC_WARN_UNUSED_FUNCTION = YES;
				GCC_WARN_UNUSED_VARIABLE = YES;
				LOCALIZATION_PREFERS_STRING_CATALOGS = YES;
				MACOSX_DEPLOYMENT_TARGET = 14.0;
				MTL_ENABLE_DEBUG_INFO = NO;
				MTL_FAST_MATH = YES;
				SDKROOT = macosx;
				SWIFT_COMPILATION_MODE = wholemodule;
			};
			name = Release;
		};
		AA000001BBBBBBBB00000003 /* Debug */ = {
			isa = XCBuildConfiguration;
			buildSettings = {
				ASSETCATALOG_COMPILER_APPICON_NAME = AppIcon;
				ASSETCATALOG_COMPILER_GLOBAL_ACCENT_COLOR_NAME = AccentColor;
				CODE_SIGN_ENTITLEMENTS = Prompter/Resources/Prompter.entitlements;
				CODE_SIGN_STYLE = Automatic;
				COMBINE_HIDPI_IMAGES = YES;
				CURRENT_PROJECT_VERSION = 1;
				DEVELOPMENT_TEAM = 6739LM5834;
				ENABLE_HARDENED_RUNTIME = YES;
				GENERATE_INFOPLIST_FILE = NO;
				INFOPLIST_FILE = Prompter/Resources/Info.plist;
				INFOPLIST_KEY_CFBundleDisplayName = "Prompter";
				INFOPLIST_KEY_LSApplicationCategoryType = "public.app-category.productivity";
				INFOPLIST_KEY_NSHumanReadableCopyright = "Copyright © 2026. All rights reserved.";
				LD_RUNPATH_SEARCH_PATHS = (
					"$(inherited)",
					"@executable_path/../Frameworks",
				);
				MARKETING_VERSION = 1.0;
				PRODUCT_BUNDLE_IDENTIFIER = com.tookes.Prompter;
				PRODUCT_NAME = "$(TARGET_NAME)";
				SWIFT_EMIT_LOC_STRINGS = YES;
				SWIFT_VERSION = 5.9;
			};
			name = Debug;
		};
		AA000001BBBBBBBB00000004 /* Release */ = {
			isa = XCBuildConfiguration;
			buildSettings = {
				ASSETCATALOG_COMPILER_APPICON_NAME = AppIcon;
				ASSETCATALOG_COMPILER_GLOBAL_ACCENT_COLOR_NAME = AccentColor;
				CODE_SIGN_ENTITLEMENTS = Prompter/Resources/Prompter.entitlements;
				CODE_SIGN_STYLE = Automatic;
				COMBINE_HIDPI_IMAGES = YES;
				CURRENT_PROJECT_VERSION = 1;
				DEVELOPMENT_TEAM = 6739LM5834;
				ENABLE_HARDENED_RUNTIME = YES;
				GENERATE_INFOPLIST_FILE = NO;
				INFOPLIST_FILE = Prompter/Resources/Info.plist;
				INFOPLIST_KEY_CFBundleDisplayName = "Prompter";
				INFOPLIST_KEY_LSApplicationCategoryType = "public.app-category.productivity";
				INFOPLIST_KEY_NSHumanReadableCopyright = "Copyright © 2026. All rights reserved.";
				LD_RUNPATH_SEARCH_PATHS = (
					"$(inherited)",
					"@executable_path/../Frameworks",
				);
				MARKETING_VERSION = 1.0;
				PRODUCT_BUNDLE_IDENTIFIER = com.tookes.Prompter;
				PRODUCT_NAME = "$(TARGET_NAME)";
				SWIFT_EMIT_LOC_STRINGS = YES;
				SWIFT_VERSION = 5.9;
			};
			name = Release;
		};
		BA000001CCCCCCCC00000001 /* Debug */ = {
			isa = XCBuildConfiguration;
			buildSettings = {
				BUNDLE_LOADER = "$(TEST_HOST)";
				CODE_SIGN_STYLE = Automatic;
				CURRENT_PROJECT_VERSION = 1;
				DEVELOPMENT_TEAM = 6739LM5834;
				GENERATE_INFOPLIST_FILE = YES;
				MACOSX_DEPLOYMENT_TARGET = 14.0;
				MARKETING_VERSION = 1.0;
				PRODUCT_BUNDLE_IDENTIFIER = com.tookes.PrompterTests;
				PRODUCT_NAME = "$(TARGET_NAME)";
				SWIFT_EMIT_LOC_STRINGS = NO;
				SWIFT_VERSION = 5.9;
				TEST_HOST = "$(BUILT_PRODUCTS_DIR)/Prompter.app/$(BUNDLE_EXECUTABLE_FOLDER_PATH)/Prompter";
			};
			name = Debug;
		};
		BA000001CCCCCCCC00000002 /* Release */ = {
			isa = XCBuildConfiguration;
			buildSettings = {
				BUNDLE_LOADER = "$(TEST_HOST)";
				CODE_SIGN_STYLE = Automatic;
				CURRENT_PROJECT_VERSION = 1;
				DEVELOPMENT_TEAM = 6739LM5834;
				GENERATE_INFOPLIST_FILE = YES;
				MACOSX_DEPLOYMENT_TARGET = 14.0;
				MARKETING_VERSION = 1.0;
				PRODUCT_BUNDLE_IDENTIFIER = com.tookes.PrompterTests;
				PRODUCT_NAME = "$(TARGET_NAME)";
				SWIFT_EMIT_LOC_STRINGS = NO;
				SWIFT_VERSION = 5.9;
				TEST_HOST = "$(BUILT_PRODUCTS_DIR)/Prompter.app/$(BUNDLE_EXECUTABLE_FOLDER_PATH)/Prompter";
			};
			name = Release;
		};
/* End XCBuildConfiguration section */

/* Begin XCConfigurationList section */
		A8000001BBBBBBBB00000001 /* Build configuration list for PBXNativeTarget "Prompter" */ = {
			isa = XCConfigurationList;
			buildConfigurations = (
				AA000001BBBBBBBB00000003 /* Debug */,
				AA000001BBBBBBBB00000004 /* Release */,
			);
			defaultConfigurationIsVisible = 0;
			defaultConfigurationName = Release;
		};
		A8000001BBBBBBBB00000002 /* Build configuration list for PBXProject "Prompter" */ = {
			isa = XCConfigurationList;
			buildConfigurations = (
				AA000001BBBBBBBB00000001 /* Debug */,
				AA000001BBBBBBBB00000002 /* Release */,
			);
			defaultConfigurationIsVisible = 0;
			defaultConfigurationName = Release;
		};
		B8000001CCCCCCCC00000001 /* Build configuration list for PBXNativeTarget "PrompterTests" */ = {
			isa = XCConfigurationList;
			buildConfigurations = (
				BA000001CCCCCCCC00000001 /* Debug */,
				BA000001CCCCCCCC00000002 /* Release */,
			);
			defaultConfigurationIsVisible = 0;
			defaultConfigurationName = Release;
		};
/* End XCConfigurationList section */

/* Begin XCRemoteSwiftPackageReference section */
		C2000001DDDDDDDD00000001 /* XCRemoteSwiftPackageReference "Sparkle" */ = {
			isa = XCRemoteSwiftPackageReference;
			repositoryURL = "https://github.com/sparkle-project/Sparkle";
			requirement = {
				kind = upToNextMajorVersion;
				minimumVersion = 2.0.0;
			};
		};
/* End XCRemoteSwiftPackageReference section */

/* Begin XCSwiftPackageProductDependency section */
		C3000001DDDDDDDD00000001 /* Sparkle */ = {
			isa = XCSwiftPackageProductDependency;
			package = C2000001DDDDDDDD00000001 /* XCRemoteSwiftPackageReference "Sparkle" */;
			productName = Sparkle;
		};
/* End XCSwiftPackageProductDependency section */
	};
	rootObject = A9000001BBBBBBBB00000001 /* Project object */;
}
